{
  "name": "番茄钟",
  "lockfileVersion": 3,
  "requires": true,
  "packages": {
    "": {
      "dependencies": {
        "@hugeicons/core-free-icons": "^4.3.5",
        "@hugeicons/react": "^1.1.10",
        "motion": "^14.0.0"
      }
    },
    "node_modules/@hugeicons/core-free-icons": {
      "version": "4.3.5",
      "resolved": "https://registry.npmjs.org/@hugeicons/core-free-icons/-/core-free-icons-4.3.5.tgz",
      "integrity": "sha512-Sv+NjHRPnQk+yZsGCMcGznCHdTfJR9PMMOEKcJYAQU4gy90dmlc9PwdtvYOImBZIjiheMsTLL5eMn2DmHxUiUg==",
      "license": "MIT"
    },
    "node_modules/@hugeicons/react": {
      "version": "1.1.10",
      "resolved": "https://registry.npmjs.org/@hugeicons/react/-/react-1.1.10.tgz",
      "integrity": "sha512-9tAsd92yMVVGP+E+d8cM+wc0VnXuYZHNbWQi7TOe8k2neawmhiaFmVFbzyruejhOMa197/LbgvSED32ayUo3ZA==",
      "license": "MIT",
      "peerDependencies": {
        "react": ">=16.0.0"
      }
    },
    "node_modules/framer-motion": {
      "version": "14.0.0",
      "resolved": "https://registry.npmjs.org/framer-motion/-/framer-motion-14.0.0.tgz",
      "integrity": "sha512-QAtHmybrDFSliyW1sexMtSQTQd+1jw2ajibEmzpuI4XdPVzQkn+dAzJMm2sW3pl9MJuSS4xN51djQ7huhlP/VA==",
      "license": "MIT",
      "dependencies": {
        "motion-dom": "14.0.0",
        "motion-utils": "14.0.0",
        "tslib": "^2.4.0"
      },
      "peerDependencies": {
        "react": "^18.0.0 || ^19.0.0",
        "react-dom": "^18.0.0 || ^19.0.0"
      },
      "peerDependenciesMeta": {
        "react": {
          "optional": true
        },
        "react-dom": {
          "optional": true
        }
      }
    },
    "node_modules/motion": {
      "version": "14.0.0",
      "resolved": "https://registry.npmjs.org/motion/-/motion-14.0.0.tgz",
      "integrity": "sha512-oGc2lkge2lkRZCP+J8/JsnYu4NFjqP1MtXirNdetn3QbvK2JqwM9A200EdT4C598KfzDhjLT12zF21xDM4Oilw==",
      "license": "MIT",
      "dependencies": {
        "framer-motion": "14.0.0",
        "tslib": "^2.4.0"
      },
      "peerDependencies": {
        "react": "^18.0.0 || ^19.0.0",
        "react-dom": "^18.0.0 || ^19.0.0"
      },
      "peerDependenciesMeta": {
        "react": {
          "optional": true
        },
        "react-dom": {
          "optional": true
        }
      }
    },
    "node_modules/motion-dom": {
      "version": "14.0.0",
      "resolved": "https://registry.npmjs.org/motion-dom/-/motion-dom-14.0.0.tgz",
      "integrity": "sha512-aU3ApXo1yTpeUi3JU+jbDk2TELjxPE3MbBMUP7nZHlARb6RweJK+ojmLjpuB0YsY6zhbBl1YWGo8LMsI1/Llqw==",
      "license": "MIT",
      "dependencies": {
        "motion-utils": "14.0.0"
      }
    },
    "node_modules/motion-utils": {
      "version": "14.0.0",
      "resolved": "https://registry.npmjs.org/motion-utils/-/motion-utils-14.0.0.tgz",
      "integrity": "sha512-jBsyjVxTTRZNeuvd/v+btVXr90LQkYl4HhRu9T2ARc+PMnvkmjsjRVeAg4Qm10b6TlTw+kykWI8gu/6LuvpLSQ==",
      "license": "MIT"
    },
    "node_modules/react": {
      "version": "19.3.0",
      "resolved": "https://registry.npmjs.org/react/-/react-19.3.0.tgz",
      "integrity": "sha512-E8LUcbtBWt20bbl2YoHfx4ZDBdxVTfOKtCZn9cDSJ4l6/nuoApcpIBcj47t2wZoVX8g2ZHuMHbiShgCR1T5Sog==",
      "license": "MIT",
      "peer": true,
      "engines": {
        "node": ">=0.10.0"
      }
    },
    "node_modules/tslib": {
      "version": "2.8.1",
      "resolved": "https://registry.npmjs.org/tslib/-/tslib-2.8.1.tgz",
      "integrity": "sha512-oJFu94HQb+KVduSUQL7wnpmqnfmLsOA/nAh6b6EH0wCEoK0/mPeXU6c3wKDV83MkOuHPRHtSXKKU99IBazS/2w==",
      "license": "0BSD"
    }
  }
}
